// !$*UTF8*$!
{
	archiveVersion = 1;
	classes = {
	};
	objectVersion = 56;
	objects = {

/* Begin PBXBuildFile section */
		FAFCC5A929F4B5DA00F6D43E /* AppDelegate.swift in Sources */ = {isa = PBXBuildFile; fileRef = FAFCC5A829F4B5DA00F6D43E /* AppDelegate.swift */; };
		FAFCC5AB29F4B5DA00F6D43E /* SceneDelegate.swift in Sources */ = {isa = PBXBuildFile; fileRef = FAFCC5AA29F4B5DA00F6D43E /* SceneDelegate.swift */; };
		FAFCC5AD29F4B5DA00F6D43E /* ViewController.swift in Sources */ = {isa = PBXBuildFile; fileRef = FAFCC5AC29F4B5DA00F6D43E /* ViewController.swift */; };
		FAFCC5B029F4B5DA00F6D43E /* Main.storyboard in Resources */ = {isa = PBXBuildFile; fileRef = FAFCC5AE29F4B5DA00F6D43E /* Main.storyboard */; };
		FAFCC5B229F4B5DB00F6D43E /* Assets.xcassets in Resources */ = {isa = PBXBuildFile; fileRef = FAFCC5B129F4B5DB00F6D43E /* Assets.xcassets */; };
		FAFCC5B529F4B5DB00F6D43E /* LaunchScreen.storyboard in Resources */ = {isa = PBXBuildFile; fileRef = FAFCC5B329F4B5DB00F6D43E /* LaunchScreen.storyboard */; };
		FAFCC5C029F4B5DC00F6D43E /* EventSpaceBookingApplicationTests.swift in Sources */ = {isa = PBXBuildFile; fileRef = FAFCC5BF29F4B5DC00F6D43E /* EventSpaceBookingApplicationTests.swift */; };
		FAFCC5CA29F4B5DC00F6D43E /* EventSpaceBookingApplicationUITests.swift in Sources */ = {isa = PBXBuildFile; fileRef = FAFCC5C929F4B5DC00F6D43E /* EventSpaceBookingApplicationUITests.swift */; };
		FAFCC5CC29F4B5DC00F6D43E /* EventSpaceBookingApplicationUITestsLaunchTests.swift in Sources */ = {isa = PBXBuildFile; fileRef = FAFCC5CB29F4B5DC00F6D43E /* EventSpaceBookingApplicationUITestsLaunchTests.swift */; };
/* End PBXBuildFile section */

/* Begin PBXContainerItemProxy section */
		FAFCC5BC29F4B5DC00F6D43E /* PBXContainerItemProxy */ = {
			isa = PBXContainerItemProxy;
			containerPortal = FAFCC59D29F4B5DA00F6D43E /* Project object */;
			proxyType = 1;
			remoteGlobalIDString = FAFCC5A429F4B5DA00F6D43E;
			remoteInfo = EventSpaceBookingApplication;
		};
		FAFCC5C629F4B5DC00F6D43E /* PBXContainerItemProxy */ = {
			isa = PBXContainerItemProxy;
			containerPortal = FAFCC59D29F4B5DA00F6D43E /* Project object */;
			proxyType = 1;
			remoteGlobalIDString = FAFCC5A429F4B5DA00F6D43E;
			remoteInfo = EventSpaceBookingApplication;
		};
/* End PBXContainerItemProxy section */

/* Begin PBXFileReference section */
		FAFCC5A529F4B5DA00F6D43E /* EventSpaceBookingApplication.app */ = {isa = PBXFileReference; explicitFileType = wrapper.application; includeInIndex = 0; path = EventSpaceBookingApplication.app; sourceTree = BUILT_PRODUCTS_DIR; };
		FAFCC5A829F4B5DA00F6D43E /* AppDelegate.swift */ = {isa = PBXFileReference; lastKnownFileType = sourcecode.swift; path = AppDelegate.swift; sourceTree = "<group>"; };
		FAFCC5AA29F4B5DA00F6D43E /* SceneDelegate.swift */ = {isa = PBXFileReference; lastKnownFileType = sourcecode.swift; path = SceneDelegate.swift; sourceTree = "<group>"; };
		FAFCC5AC29F4B5DA00F6D43E /* ViewController.swift */ = {isa = PBXFileReference; lastKnownFileType = sourcecode.swift; path = ViewController.swift; sourceTree = "<group>"; };
		FAFCC5AF29F4B5DA00F6D43E /* Base */ = {isa = PBXFileReference; lastKnownFileType = file.storyboard; name = Base; path = Base.lproj/Main.storyboard; sourceTree = "<group>"; };
		FAFCC5B129F4B5DB00F6D43E /* Assets.xcassets */ = {isa = PBXFileReference; lastKnownFileType = folder.assetcatalog; path = Assets.xcassets; sourceTree = "<group>"; };
		FAFCC5B429F4B5DB00F6D43E /* Base */ = {isa = PBXFileReference; lastKnownFileType = file.storyboard; name = Base; path = Base.lproj/LaunchScreen.storyboard; sourceTree = "<group>"; };
		FAFCC5B629F4B5DB00F6D43E /* Info.plist */ = {isa = PBXFileReference; lastKnownFileType = text.plist.xml; path = Info.plist; sourceTree = "<group>"; };
		FAFCC5BB29F4B5DC00F6D43E /* EventSpaceBookingApplicationTests.xctest */ = {isa = PBXFileReference; explicitFileType = wrapper.cfbundle; includeInIndex = 0; path = EventSpaceBookingApplicationTests.xctest; sourceTree = BUILT_PRODUCTS_DIR; };
		FAFCC5BF29F4B5DC00F6D43E /* EventSpaceBookingApplicationTests.swift */ = {isa = PBXFileReference; lastKnownFileType = sourcecode.swift; path = EventSpaceBookingApplicationTests.swift; sourceTree = "<group>"; };
		FAFCC5C529F4B5DC00F6D43E /* EventSpaceBookingApplicationUITests.xctest */ = {isa = PBXFileReference; explicitFileType = wrapper.cfbundle; includeInIndex = 0; path = EventSpaceBookingApplicationUITests.xctest; sourceTree = BUILT_PRODUCTS_DIR; };
		FAFCC5C929F4B5DC00F6D43E /* EventSpaceBookingApplicationUITests.swift */ = {isa = PBXFileReference; lastKnownFileType = sourcecode.swift; path = EventSpaceBookingApplicationUITests.swift; sourceTree = "<group>"; };
		FAFCC5CB29F4B5DC00F6D43E /* EventSpaceBookingApplicationUITestsLaunchTests.swift */ = {isa = PBXFileReference; lastKnownFileType = sourcecode.swift; path = EventSpaceBookingApplicationUITestsLaunchTests.swift; sourceTree = "<group>"; };
/* End PBXFileReference section */

/* Begin PBXFrameworksBuildPhase section */
		FAFCC5A229F4B5DA00F6D43E /* Frameworks */ = {
			isa = PBXFrameworksBuildPhase;
			buildActionMask = 2147483647;
			files = (
			);
			runOnlyForDeploymentPostprocessing = 0;
		};
		FAFCC5B829F4B5DC00F6D43E /* Frameworks */ = {
			isa = PBXFrameworksBuildPhase;
			buildActionMask = 2147483647;
			files = (
			);
			runOnlyForDeploymentPostprocessing = 0;
		};
		FAFCC5C229F4B5DC00F6D43E /* Frameworks */ = {
			isa = PBXFrameworksBuildPhase;
			buildActionMask = 2147483647;
			files = (
			);
			runOnlyForDeploymentPostprocessing = 0;
		};
/* End PBXFrameworksBuildPhase section */

/* Begin PBXGroup section */
		FAFCC59C29F4B5DA00F6D43E = {
			isa = PBXGroup;
			children = (
				FAFCC5A729F4B5DA00F6D43E /* EventSpaceBookingApplication */,
				FAFCC5BE29F4B5DC00F6D43E /* EventSpaceBookingApplicationTests */,
				FAFCC5C829F4B5DC00F6D43E /* EventSpaceBookingApplicationUITests */,
				FAFCC5A629F4B5DA00F6D43E /* Products */,
			);
			sourceTree = "<group>";
		};
		FAFCC5A629F4B5DA00F6D43E /* Products */ = {
			isa = PBXGroup;
			children = (
				FAFCC5A529F4B5DA00F6D43E /* EventSpaceBookingApplication.app */,
				FAFCC5BB29F4B5DC00F6D43E /* EventSpaceBookingApplicationTests.xctest */,
				FAFCC5C529F4B5DC00F6D43E /* EventSpaceBookingApplicationUITests.xctest */,
			);
			name = Products;
			sourceTree = "<group>";
		};
		FAFCC5A729F4B5DA00F6D43E /* EventSpaceBookingApplication */ = {
			isa = PBXGroup;
			children = (
				FAFCC5A829F4B5DA00F6D43E /* AppDelegate.swift */,
				FAFCC5AA29F4B5DA00F6D43E /* SceneDelegate.swift */,
				FAFCC5AC29F4B5DA00F6D43E /* ViewController.swift */,
				FAFCC5AE29F4B5DA00F6D43E /* Main.storyboard */,
				FAFCC5B129F4B5DB00F6D43E /* Assets.xcassets */,
				FAFCC5B329F4B5DB00F6D43E /* LaunchScreen.storyboard */,
				FAFCC5B629F4B5DB00F6D43E /* Info.plist */,
			);
			path = EventSpaceBookingApplication;
			sourceTree = "<group>";
		};
		FAFCC5BE29F4B5DC00F6D43E /* EventSpaceBookingApplicationTests */ = {
			isa = PBXGroup;
			children = (
				FAFCC5BF29F4B5DC00F6D43E /* EventSpaceBookingApplicationTests.swift */,
			);
			path = EventSpaceBookingApplicationTests;
			sourceTree = "<group>";
		};
		FAFCC5C829F4B5DC00F6D43E /* EventSpaceBookingApplicationUITests */ = {
			isa = PBXGroup;
			children = (
				FAFCC5C929F4B5DC00F6D43E /* EventSpaceBookingApplicationUITests.swift */,
				FAFCC5CB29F4B5DC00F6D43E /* EventSpaceBookingApplicationUITestsLaunchTests.swift */,
			);
			path = EventSpaceBookingApplicationUITests;
			sourceTree = "<group>";
		};
/* End PBXGroup section */

/* Begin PBXNativeTarget section */
		FAFCC5A429F4B5DA00F6D43E /* EventSpaceBookingApplication */ = {
			isa = PBXNativeTarget;
			buildConfigurationList = FAFCC5CF29F4B5DC00F6D43E /* Build configuration list for PBXNativeTarget "EventSpaceBookingApplication" */;
			buildPhases = (
				FAFCC5A129F4B5DA00F6D43E /* Sources */,
				FAFCC5A229F4B5DA00F6D43E /* Frameworks */,
				FAFCC5A329F4B5DA00F6D43E /* Resources */,
			);
			buildRules = (
			);
			dependencies = (
			);
			name = EventSpaceBookingApplication;
			productName = EventSpaceBookingApplication;
			productReference = FAFCC5A529F4B5DA00F6D43E /* EventSpaceBookingApplication.app */;
			productType = "com.apple.product-type.application";
		};
		FAFCC5BA29F4B5DC00F6D43E /* EventSpaceBookingApplicationTests */ = {
			isa = PBXNativeTarget;
			buildConfigurationList = FAFCC5D229F4B5DC00F6D43E /* Build configuration list for PBXNativeTarget "EventSpaceBookingApplicationTests" */;
			buildPhases = (
				FAFCC5B729F4B5DC00F6D43E /* Sources */,
				FAFCC5B829F4B5DC00F6D43E /* Frameworks */,
				FAFCC5B929F4B5DC00F6D43E /* Resources */,
			);
			buildRules = (
			);
			dependencies = (
				FAFCC5BD29F4B5DC00F6D43E /* PBXTargetDependency */,
			);
			name = EventSpaceBookingApplicationTests;
			productName = EventSpaceBookingApplicationTests;
			productReference = FAFCC5BB29F4B5DC00F6D43E /* EventSpaceBookingApplicationTests.xctest */;
			productType = "com.apple.product-type.bundle.unit-test";
		};
		FAFCC5C429F4B5DC00F6D43E /* EventSpaceBookingApplicationUITests */ = {
			isa = PBXNativeTarget;
			buildConfigurationList = FAFCC5D529F4B5DC00F6D43E /* Build configuration list for PBXNativeTarget "EventSpaceBookingApplicationUITests" */;
			buildPhases = (
				FAFCC5C129F4B5DC00F6D43E /* Sources */,
				FAFCC5C229F4B5DC00F6D43E /* Frameworks */,
				FAFCC5C329F4B5DC00F6D43E /* Resources */,
			);
			buildRules = (
			);
			dependencies = (
				FAFCC5C729F4B5DC00F6D43E /* PBXTargetDependency */,
			);
			name = EventSpaceBookingApplicationUITests;
			productName = EventSpaceBookingApplicationUITests;
			productReference = FAFCC5C529F4B5DC00F6D43E /* EventSpaceBookingApplicationUITests.xctest */;
			productType = "com.apple.product-type.bundle.ui-testing";
		};
/* End PBXNativeTarget section */

/* Begin PBXProject section */
		FAFCC59D29F4B5DA00F6D43E /* Project object */ = {
			isa = PBXProject;
			attributes = {
				BuildIndependentTargetsInParallel = 1;
				LastSwiftUpdateCheck = 1420;
				LastUpgradeCheck = 1420;
				TargetAttributes = {
					FAFCC5A429F4B5DA00F6D43E = {
						CreatedOnToolsVersion = 14.2;
					};
					FAFCC5BA29F4B5DC00F6D43E = {
						CreatedOnToolsVersion = 14.2;
						TestTargetID = FAFCC5A429F4B5DA00F6D43E;
					};
					FAFCC5C429F4B5DC00F6D43E = {
						CreatedOnToolsVersion = 14.2;
						TestTargetID = FAFCC5A429F4B5DA00F6D43E;
					};
				};
			};
			buildConfigurationList = FAFCC5A029F4B5DA00F6D43E /* Build configuration list for PBXProject "EventSpaceBookingApplication" */;
			compatibilityVersion = "Xcode 14.0";
			developmentRegion = en;
			hasScannedForEncodings = 0;
			knownRegions = (
				en,
				Base,
			);
			mainGroup = FAFCC59C29F4B5DA00F6D43E;
			productRefGroup = FAFCC5A629F4B5DA00F6D43E /* Products */;
			projectDirPath = "";
			projectRoot = "";
			targets = (
				FAFCC5A429F4B5DA00F6D43E /* EventSpaceBookingApplication */,
				FAFCC5BA29F4B5DC00F6D43E /* EventSpaceBookingApplicationTests */,
				FAFCC5C429F4B5DC00F6D43E /* EventSpaceBookingApplicationUITests */,
			);
		};
/* End PBXProject section */

/* Begin PBXResourcesBuildPhase section */
		FAFCC5A329F4B5DA00F6D43E /* Resources */ = {
			isa = PBXResourcesBuildPhase;
			buildActionMask = 2147483647;
			files = (
				FAFCC5B529F4B5DB00F6D43E /* LaunchScreen.storyboard in Resources */,
				FAFCC5B229F4B5DB00F6D43E /* Assets.xcassets in Resources */,
				FAFCC5B029F4B5DA00F6D43E /* Main.storyboard in Resources */,
			);
			runOnlyForDeploymentPostprocessing = 0;
		};
		FAFCC5B929F4B5DC00F6D43E /* Resources */ = {
			isa = PBXResourcesBuildPhase;
			buildActionMask = 2147483647;
			files = (
			);
			runOnlyForDeploymentPostprocessing = 0;
		};
		FAFCC5C329F4B5DC00F6D43E /* Resources */ = {
			isa = PBXResourcesBuildPhase;
			buildActionMask = 2147483647;
			files = (
			);
			runOnlyForDeploymentPostprocessing = 0;
		};
/* End PBXResourcesBuildPhase section */

/* Begin PBXSourcesBuildPhase section */
		FAFCC5A129F4B5DA00F6D43E /* Sources */ = {
			isa = PBXSourcesBuildPhase;
			buildActionMask = 2147483647;
			files = (
				FAFCC5AD29F4B5DA00F6D43E /* ViewController.swift in Sources */,
				FAFCC5A929F4B5DA00F6D43E /* AppDelegate.swift in Sources */,
				FAFCC5AB29F4B5DA00F6D43E /* SceneDelegate.swift in Sources */,
			);
			runOnlyForDeploymentPostprocessing = 0;
		};
		FAFCC5B729F4B5DC00F6D43E /* Sources */ = {
			isa = PBXSourcesBuildPhase;
			buildActionMask = 2147483647;
			files = (
				FAFCC5C029F4B5DC00F6D43E /* EventSpaceBookingApplicationTests.swift in Sources */,
			);
			runOnlyForDeploymentPostprocessing = 0;
		};
		FAFCC5C129F4B5DC00F6D43E /* Sources */ = {
			isa = PBXSourcesBuildPhase;
			buildActionMask = 2147483647;
			files = (
				FAFCC5CA29F4B5DC00F6D43E /* EventSpaceBookingApplicationUITests.swift in Sources */,
				FAFCC5CC29F4B5DC00F6D43E /* EventSpaceBookingApplicationUITestsLaunchTests.swift in Sources */,
			);
			runOnlyForDeploymentPostprocessing = 0;
		};
/* End PBXSourcesBuildPhase section */

/* Begin PBXTargetDependency section */
		FAFCC5BD29F4B5DC00F6D43E /* PBXTargetDependency */ = {
			isa = PBXTargetDependency;
			target = FAFCC5A429F4B5DA00F6D43E /* EventSpaceBookingApplication */;
			targetProxy = FAFCC5BC29F4B5DC00F6D43E /* PBXContainerItemProxy */;
		};
		FAFCC5C729F4B5DC00F6D43E /* PBXTargetDependency */ = {
			isa = PBXTargetDependency;
			target = FAFCC5A429F4B5DA00F6D43E /* EventSpaceBookingApplication */;
			targetProxy = FAFCC5C629F4B5DC00F6D43E /* PBXContainerItemProxy */;
		};
/* End PBXTargetDependency section */

/* Begin PBXVariantGroup section */
		FAFCC5AE29F4B5DA00F6D43E /* Main.storyboard */ = {
			isa = PBXVariantGroup;
			children = (
				FAFCC5AF29F4B5DA00F6D43E /* Base */,
			);
			name = Main.storyboard;
			sourceTree = "<group>";
		};
		FAFCC5B329F4B5DB00F6D43E /* LaunchScreen.storyboard */ = {
			isa = PBXVariantGroup;
			children = (
				FAFCC5B429F4B5DB00F6D43E /* Base */,
			);
			name = LaunchScreen.storyboard;
			sourceTree = "<group>";
		};
/* End PBXVariantGroup section */

/* Begin XCBuildConfiguration section */
		FAFCC5CD29F4B5DC00F6D43E /* Debug */ = {
			isa = XCBuildConfiguration;
			buildSettings = {
				ALWAYS_SEARCH_USER_PATHS = NO;
				CLANG_ANALYZER_NONNULL = YES;
				CLANG_ANALYZER_NUMBER_OBJECT_CONVERSION = YES_AGGRESSIVE;
				CLANG_CXX_LANGUAGE_STANDARD = "gnu++20";
				CLANG_ENABLE_MODULES = YES;
				CLANG_ENABLE_OBJC_ARC = YES;
				CLANG_ENABLE_OBJC_WEAK = YES;
				CLANG_WARN_BLOCK_CAPTURE_AUTORELEASING = YES;
				CLANG_WARN_BOOL_CONVERSION = YES;
				CLANG_WARN_COMMA = YES;
				CLANG_WARN_CONSTANT_CONVERSION = YES;
				CLANG_WARN_DEPRECATED_OBJC_IMPLEMENTATIONS = YES;
				CLANG_WARN_DIRECT_OBJC_ISA_USAGE = YES_ERROR;
				CLANG_WARN_DOCUMENTATION_COMMENTS = YES;
				CLANG_WARN_EMPTY_BODY = YES;
				CLANG_WARN_ENUM_CONVERSION = YES;
				CLANG_WARN_INFINITE_RECURSION = YES;
				CLANG_WARN_INT_CONVERSION = YES;
				CLANG_WARN_NON_LITERAL_NULL_CONVERSION = YES;
				CLANG_WARN_OBJC_IMPLICIT_RETAIN_SELF = YES;
				CLANG_WARN_OBJC_LITERAL_CONVERSION = YES;
				CLANG_WARN_OBJC_ROOT_CLASS = YES_ERROR;
				CLANG_WARN_QUOTED_INCLUDE_IN_FRAMEWORK_HEADER = YES;
				CLANG_WARN_RANGE_LOOP_ANALYSIS = YES;
				CLANG_WARN_STRICT_PROTOTYPES = YES;
				CLANG_WARN_SUSPICIOUS_MOVE = YES;
				CLANG_WARN_UNGUARDED_AVAILABILITY = YES_AGGRESSIVE;
				CLANG_WARN_UNREACHABLE_CODE = YES;
				CLANG_WARN__DUPLICATE_METHOD_MATCH = YES;
				COPY_PHASE_STRIP = NO;
				DEBUG_INFORMATION_FORMAT = dwarf;
				ENABLE_STRICT_OBJC_MSGSEND = YES;
				ENABLE_TESTABILITY = YES;
				GCC_C_LANGUAGE_STANDARD = gnu11;
				GCC_DYNAMIC_NO_PIC = NO;
				GCC_NO_COMMON_BLOCKS = YES;
				GCC_OPTIMIZATION_LEVEL = 0;
				GCC_PREPROCESSOR_DEFINITIONS = (
					"DEBUG=1",
					"$(inherited)",
				);
				GCC_WARN_64_TO_32_BIT_CONVERSION = YES;
				GCC_WARN_ABOUT_RETURN_TYPE = YES_ERROR;
				GCC_WARN_UNDECLARED_SELECTOR = YES;
				GCC_WARN_UNINITIALIZED_AUTOS = YES_AGGRESSIVE;
				GCC_WARN_UNUSED_FUNCTION = YES;
				GCC_WARN_UNUSED_VARIABLE = YES;
				IPHONEOS_DEPLOYMENT_TARGET = 16.2;
				MTL_ENABLE_DEBUG_INFO = INCLUDE_SOURCE;
				MTL_FAST_MATH = YES;
				ONLY_ACTIVE_ARCH = YES;
				SDKROOT = iphoneos;
				SWIFT_ACTIVE_COMPILATION_CONDITIONS = DEBUG;
				SWIFT_OPTIMIZATION_LEVEL = "-Onone";
			};
			name = Debug;
		};
		FAFCC5CE29F4B5DC00F6D43E /* Release */ = {
			isa = XCBuildConfiguration;
			buildSettings = {
				ALWAYS_SEARCH_USER_PATHS = NO;
				CLANG_ANALYZER_NONNULL = YES;
				CLANG_ANALYZER_NUMBER_OBJECT_CONVERSION = YES_AGGRESSIVE;
				CLANG_CXX_LANGUAGE_STANDARD = "gnu++20";
				CLANG_ENABLE_MODULES = YES;
				CLANG_ENABLE_OBJC_ARC = YES;
				CLANG_ENABLE_OBJC_WEAK = YES;
				CLANG_WARN_BLOCK_CAPTURE_AUTORELEASING = YES;
				CLANG_WARN_BOOL_CONVERSION = YES;
				CLANG_WARN_COMMA = YES;
				CLANG_WARN_CONSTANT_CONVERSION = YES;
				CLANG_WARN_DEPRECATED_OBJC_IMPLEMENTATIONS = YES;
				CLANG_WARN_DIRECT_OBJC_ISA_USAGE = YES_ERROR;
				CLANG_WARN_DOCUMENTATION_COMMENTS = YES;
				CLANG_WARN_EMPTY_BODY = YES;
				CLANG_WARN_ENUM_CONVERSION = YES;
				CLANG_WARN_INFINITE_RECURSION = YES;
				CLANG_WARN_INT_CONVERSION = YES;
				CLANG_WARN_NON_LITERAL_NULL_CONVERSION = YES;
				CLANG_WARN_OBJC_IMPLICIT_RETAIN_SELF = YES;
				CLANG_WARN_OBJC_LITERAL_CONVERSION = YES;
				CLANG_WARN_OBJC_ROOT_CLASS = YES_ERROR;
				CLANG_WARN_QUOTED_INCLUDE_IN_FRAMEWORK_HEADER = YES;
				CLANG_WARN_RANGE_LOOP_ANALYSIS = YES;
				CLANG_WARN_STRICT_PROTOTYPES = YES;
				CLANG_WARN_SUSPICIOUS_MOVE = YES;
				CLANG_WARN_UNGUARDED_AVAILABILITY = YES_AGGRESSIVE;
				CLANG_WARN_UNREACHABLE_CODE = YES;
				CLANG_WARN__DUPLICATE_METHOD_MATCH = YES;
				COPY_PHASE_STRIP = NO;
				DEBUG_INFORMATION_FORMAT = "dwarf-with-dsym";
				ENABLE_NS_ASSERTIONS = NO;
				ENABLE_STRICT_OBJC_MSGSEND = YES;
				GCC_C_LANGUAGE_STANDARD = gnu11;
				GCC_NO_COMMON_BLOCKS = YES;
				GCC_WARN_64_TO_32_BIT_CONVERSION = YES;
				GCC_WARN_ABOUT_RETURN_TYPE = YES_ERROR;
				GCC_WARN_UNDECLARED_SELECTOR = YES;
				GCC_WARN_UNINITIALIZED_AUTOS = YES_AGGRESSIVE;
				GCC_WARN_UNUSED_FUNCTION = YES;
				GCC_WARN_UNUSED_VARIABLE = YES;
				IPHONEOS_DEPLOYMENT_TARGET = 16.2;
				MTL_ENABLE_DEBUG_INFO = NO;
				MTL_FAST_MATH = YES;
				SDKROOT = iphoneos;
				SWIFT_COMPILATION_MODE = wholemodule;
				SWIFT_OPTIMIZATION_LEVEL = "-O";
				VALIDATE_PRODUCT = YES;
			};
			name = Release;
		};
		FAFCC5D029F4B5DC00F6D43E /* Debug */ = {
			isa = XCBuildConfiguration;
			buildSettings = {
				ASSETCATALOG_COMPILER_APPICON_NAME = AppIcon;
				ASSETCATALOG_COMPILER_GLOBAL_ACCENT_COLOR_NAME = AccentColor;
				CODE_SIGN_STYLE = Automatic;
				CURRENT_PROJECT_VERSION = 1;
				GENERATE_INFOPLIST_FILE = YES;
				INFOPLIST_FILE = EventSpaceBookingApplication/Info.plist;
				INFOPLIST_KEY_UIApplicationSupportsIndirectInputEvents = YES;
				INFOPLIST_KEY_UILaunchStoryboardName = LaunchScreen;
				INFOPLIST_KEY_UIMainStoryboardFile = Main;
				INFOPLIST_KEY_UISupportedInterfaceOrientations_iPad = "UIInterfaceOrientationPortrait UIInterfaceOrientationPortraitUpsideDown UIInterfaceOrientationLandscapeLeft UIInterfaceOrientationLandscapeRight";
				INFOPLIST_KEY_UISupportedInterfaceOrientations_iPhone = "UIInterfaceOrientationPortrait UIInterfaceOrientationLandscapeLeft UIInterfaceOrientationLandscapeRight";
				LD_RUNPATH_SEARCH_PATHS = (
					"$(inherited)",
					"@executable_path/Frameworks",
				);
				MARKETING_VERSION = 1.0;
				PRODUCT_BUNDLE_IDENTIFIER = nwmsu.EventSpaceBookingApplication;
				PRODUCT_NAME = "$(TARGET_NAME)";
				SWIFT_EMIT_LOC_STRINGS = YES;
				SWIFT_VERSION = 5.0;
				TARGETED_DEVICE_FAMILY = "1,2";
			};
			name = Debug;
		};
		FAFCC5D129F4B5DC00F6D43E /* Release */ = {
			isa = XCBuildConfiguration;
			buildSettings = {
				ASSETCATALOG_COMPILER_APPICON_NAME = AppIcon;
				ASSETCATALOG_COMPILER_GLOBAL_ACCENT_COLOR_NAME = AccentColor;
				CODE_SIGN_STYLE = Automatic;
				CURRENT_PROJECT_VERSION = 1;
				GENERATE_INFOPLIST_FILE = YES;
				INFOPLIST_FILE = EventSpaceBookingApplication/Info.plist;
				INFOPLIST_KEY_UIApplicationSupportsIndirectInputEvents = YES;
				INFOPLIST_KEY_UILaunchStoryboardName = LaunchScreen;
				INFOPLIST_KEY_UIMainStoryboardFile = Main;
				INFOPLIST_KEY_UISupportedInterfaceOrientations_iPad = "UIInterfaceOrientationPortrait UIInterfaceOrientationPortraitUpsideDown UIInterfaceOrientationLandscapeLeft UIInterfaceOrientationLandscapeRight";
				INFOPLIST_KEY_UISupportedInterfaceOrientations_iPhone = "UIInterfaceOrientationPortrait UIInterfaceOrientationLandscapeLeft UIInterfaceOrientationLandscapeRight";
				LD_RUNPATH_SEARCH_PATHS = (
					"$(inherited)",
					"@executable_path/Frameworks",
				);
				MARKETING_VERSION = 1.0;
				PRODUCT_BUNDLE_IDENTIFIER = nwmsu.EventSpaceBookingApplication;
				PRODUCT_NAME = "$(TARGET_NAME)";
				SWIFT_EMIT_LOC_STRINGS = YES;
				SWIFT_VERSION = 5.0;
				TARGETED_DEVICE_FAMILY = "1,2";
			};
			name = Release;
		};
		FAFCC5D329F4B5DC00F6D43E /* Debug */ = {
			isa = XCBuildConfiguration;
			buildSettings = {
				ALWAYS_EMBED_SWIFT_STANDARD_LIBRARIES = YES;
				BUNDLE_LOADER = "$(TEST_HOST)";
				CODE_SIGN_STYLE = Automatic;
				CURRENT_PROJECT_VERSION = 1;
				GENERATE_INFOPLIST_FILE = YES;
				IPHONEOS_DEPLOYMENT_TARGET = 16.2;
				MARKETING_VERSION = 1.0;
				PRODUCT_BUNDLE_IDENTIFIER = nwmsu.EventSpaceBookingApplicationTests;
				PRODUCT_NAME = "$(TARGET_NAME)";
				SWIFT_EMIT_LOC_STRINGS = NO;
				SWIFT_VERSION = 5.0;
				TARGETED_DEVICE_FAMILY = "1,2";
				TEST_HOST = "$(BUILT_PRODUCTS_DIR)/EventSpaceBookingApplication.app/$(BUNDLE_EXECUTABLE_FOLDER_PATH)/EventSpaceBookingApplication";
			};
			name = Debug;
		};
		FAFCC5D429F4B5DC00F6D43E /* Release */ = {
			isa = XCBuildConfiguration;
			buildSettings = {
				ALWAYS_EMBED_SWIFT_STANDARD_LIBRARIES = YES;
				BUNDLE_LOADER = "$(TEST_HOST)";
				CODE_SIGN_STYLE = Automatic;
				CURRENT_PROJECT_VERSION = 1;
				GENERATE_INFOPLIST_FILE = YES;
				IPHONEOS_DEPLOYMENT_TARGET = 16.2;
				MARKETING_VERSION = 1.0;
				PRODUCT_BUNDLE_IDENTIFIER = nwmsu.EventSpaceBookingApplicationTests;
				PRODUCT_NAME = "$(TARGET_NAME)";
				SWIFT_EMIT_LOC_STRINGS = NO;
				SWIFT_VERSION = 5.0;
				TARGETED_DEVICE_FAMILY = "1,2";
				TEST_HOST = "$(BUILT_PRODUCTS_DIR)/EventSpaceBookingApplication.app/$(BUNDLE_EXECUTABLE_FOLDER_PATH)/EventSpaceBookingApplication";
			};
			name = Release;
		};
		FAFCC5D629F4B5DC00F6D43E /* Debug */ = {
			isa = XCBuildConfiguration;
			buildSettings = {
				ALWAYS_EMBED_SWIFT_STANDARD_LIBRARIES = YES;
				CODE_SIGN_STYLE = Automatic;
				CURRENT_PROJECT_VERSION = 1;
				GENERATE_INFOPLIST_FILE = YES;
				MARKETING_VERSION = 1.0;
				PRODUCT_BUNDLE_IDENTIFIER = nwmsu.EventSpaceBookingApplicationUITests;
				PRODUCT_NAME = "$(TARGET_NAME)";
				SWIFT_EMIT_LOC_STRINGS = NO;
				SWIFT_VERSION = 5.0;
				TARGETED_DEVICE_FAMILY = "1,2";
				TEST_TARGET_NAME = EventSpaceBookingApplication;
			};
			name = Debug;
		};
		FAFCC5D729F4B5DC00F6D43E /* Release */ = {
			isa = XCBuildConfiguration;
			buildSettings = {
				ALWAYS_EMBED_SWIFT_STANDARD_LIBRARIES = YES;
				CODE_SIGN_STYLE = Automatic;
				CURRENT_PROJECT_VERSION = 1;
				GENERATE_INFOPLIST_FILE = YES;
				MARKETING_VERSION = 1.0;
				PRODUCT_BUNDLE_IDENTIFIER = nwmsu.EventSpaceBookingApplicationUITests;
				PRODUCT_NAME = "$(TARGET_NAME)";
				SWIFT_EMIT_LOC_STRINGS = NO;
				SWIFT_VERSION = 5.0;
				TARGETED_DEVICE_FAMILY = "1,2";
				TEST_TARGET_NAME = EventSpaceBookingApplication;
			};
			name = Release;
		};
/* End XCBuildConfiguration section */

/* Begin XCConfigurationList section */
		FAFCC5A029F4B5DA00F6D43E /* Build configuration list for PBXProject "EventSpaceBookingApplication" */ = {
			isa = XCConfigurationList;
			buildConfigurations = (
				FAFCC5CD29F4B5DC00F6D43E /* Debug */,
				FAFCC5CE29F4B5DC00F6D43E /* Release */,
			);
			defaultConfigurationIsVisible = 0;
			defaultConfigurationName = Release;
		};
		FAFCC5CF29F4B5DC00F6D43E /* Build configuration list for PBXNativeTarget "EventSpaceBookingApplication" */ = {
			isa = XCConfigurationList;
			buildConfigurations = (
				FAFCC5D029F4B5DC00F6D43E /* Debug */,
				FAFCC5D129F4B5DC00F6D43E /* Release */,
			);
			defaultConfigurationIsVisible = 0;
			defaultConfigurationName = Release;
		};
		FAFCC5D229F4B5DC00F6D43E /* Build configuration list for PBXNativeTarget "EventSpaceBookingApplicationTests" */ = {
			isa = XCConfigurationList;
			buildConfigurations = (
				FAFCC5D329F4B5DC00F6D43E /* Debug */,
				FAFCC5D429F4B5DC00F6D43E /* Release */,
			);
			defaultConfigurationIsVisible = 0;
			defaultConfigurationName = Release;
		};
		FAFCC5D529F4B5DC00F6D43E /* Build configuration list for PBXNativeTarget "EventSpaceBookingApplicationUITests" */ = {
			isa = XCConfigurationList;
			buildConfigurations = (
				FAFCC5D629F4B5DC00F6D43E /* Debug */,
				FAFCC5D729F4B5DC00F6D43E /* Release */,
			);
			defaultConfigurationIsVisible = 0;
			defaultConfigurationName = Release;
		};
/* End XCConfigurationList section */
	};
	rootObject = FAFCC59D29F4B5DA00F6D43E /* Project object */;
}
